<?xml version="1.0" encoding="utf-8"?>
<Project ToolsVersion="4.0" xmlns="http://schemas.microsoft.com/developer/msbuild/2003">
  <ItemGroup>
    <Filter Include="Source Files">
      <UniqueIdentifier>{4FC737F1-C7A5-4376-A066-2A32D752A2FF}</UniqueIdentifier>
      <Extensions>cpp;c;cc;cxx;def;odl;idl;hpj;bat;asm;asmx</Extensions>
    </Filter>
    <Filter Include="Header Files">
      <UniqueIdentifier>{93995380-89BD-4b04-88EB-625FBE52EBFB}</UniqueIdentifier>
      <Extensions>h;hh;hpp;hxx;hm;inl;inc;xsd</Extensions>
    </Filter>
    <Filter Include="Resource Files">
      <UniqueIdentifier>{67DA6AB6-F800-4c08-8B7A-83BB121AAD01}</UniqueIdentifier>
      <Extensions>rc;ico;cur;bmp;dlg;rc2;rct;bin;rgs;gif;jpg;jpeg;jpe;resx;tiff;tif;png;wav;mfcribbon-ms</Extensions>
    </Filter>
    <Filter Include="Shaders">
      <UniqueIdentifier>{81c3abb3-ba2c-4410-b9cd-bcee9c357cdc}</UniqueIdentifier>
    </Filter>
    <Filter Include="Assets">
      <UniqueIdentifier>{5a97c546-ab7b-4e0d-b386-7527293b2205}</UniqueIdentifier>
    </Filter>
  </ItemGroup>
  <ItemGroup>
    <ClInclude Include="lib\vsResSurfRevLib.h">
      <Filter>Header Files</Filter>
    </ClInclude>
    <ClInclude Include="lib\vsResourceLib.h">
      <Filter>Header Files</Filter>
    </ClInclude>
    <ClInclude Include="lib\vsMathLib.h">
      <Filter>Header Files</Filter>
    </ClInclude>
    <ClInclude Include="lib\vsLogLib.h">
      <Filter>Header Files</Filter>
    </ClInclude>
    <ClInclude Include="frog.h">
      <Filter>Header Files</Filter>
    </ClInclude>
    <ClInclude Include="cube.h">
      <Filter>Header Files</Filter>
    </ClInclude>
    <ClInclude Include="cubeData.h">
      <Filter>Header Files</Filter>
    </ClInclude>
    <ClInclude Include="lib\vsShaderLib.h">
      <Filter>Header Files</Filter>
    </ClInclude>
    <ClInclude Include="camera.h">
      <Filter>Header Files</Filter>
    </ClInclude>
    <ClInclude Include="car.h">
      <Filter>Header Files</Filter>
    </ClInclude>
    <ClInclude Include="turtle.h">
      <Filter>Header Files</Filter>
    </ClInclude>
    <ClInclude Include="wood.h">
      <Filter>Header Files</Filter>
    </ClInclude>
    <ClInclude Include="obstacles.h">
      <Filter>Header Files</Filter>
    </ClInclude>
    <ClInclude Include="gameObject.h">
      <Filter>Header Files</Filter>
    </ClInclude>
    <ClInclude Include="staticObject.h">
      <Filter>Header Files</Filter>
    </ClInclude>
    <ClInclude Include="dynamicObject.h">
      <Filter>Header Files</Filter>
    </ClInclude>
    <ClInclude Include="constants.h">
      <Filter>Header Files</Filter>
    </ClInclude>
    <ClInclude Include="light.h">
      <Filter>Header Files</Filter>
    </ClInclude>
    <ClInclude Include="river.h">
      <Filter>Header Files</Filter>
    </ClInclude>
    <ClInclude Include="road.h">
      <Filter>Header Files</Filter>
    </ClInclude>
    <ClInclude Include="roadMargin.h">
      <Filter>Header Files</Filter>
    </ClInclude>
    <ClInclude Include="riverMargin.h">
      <Filter>Header Files</Filter>
    </ClInclude>
    <ClInclude Include="tree.h">
      <Filter>Header Files</Filter>
    </ClInclude>
    <ClInclude Include="fog.h">
      <Filter>Header Files</Filter>
    </ClInclude>
  </ItemGroup>
  <ItemGroup>
    <ClCompile Include="lib\vsResSurfRevLib.cpp">
      <Filter>Source Files</Filter>
    </ClCompile>
    <ClCompile Include="lib\vsResourceLib.cpp">
      <Filter>Source Files</Filter>
    </ClCompile>
    <ClCompile Include="lib\vsMathLib.cpp">
      <Filter>Source Files</Filter>
    </ClCompile>
    <ClCompile Include="lib\vsLogLib.cpp">
      <Filter>Source Files</Filter>
    </ClCompile>
    <ClCompile Include="lib\vsShaderLib.cpp">
      <Filter>Source Files</Filter>
    </ClCompile>
    <ClCompile Include="frogger.cpp">
      <Filter>Source Files</Filter>
    </ClCompile>
    <ClCompile Include="frog.cpp">
      <Filter>Source Files</Filter>
    </ClCompile>
    <ClCompile Include="cube.cpp">
      <Filter>Source Files</Filter>
    </ClCompile>
    <ClCompile Include="camera.cpp">
      <Filter>Source Files</Filter>
    </ClCompile>
    <ClCompile Include="car.cpp">
      <Filter>Source Files</Filter>
    </ClCompile>
    <ClCompile Include="turtle.cpp">
      <Filter>Source Files</Filter>
    </ClCompile>
    <ClCompile Include="wood.cpp">
      <Filter>Source Files</Filter>
    </ClCompile>
    <ClCompile Include="obstacles.cpp">
      <Filter>Source Files</Filter>
    </ClCompile>
    <ClCompile Include="gameObject.cpp">
      <Filter>Source Files</Filter>
    </ClCompile>
    <ClCompile Include="staticObject.cpp">
      <Filter>Source Files</Filter>
    </ClCompile>
    <ClCompile Include="dynamicObject.cpp">
      <Filter>Source Files</Filter>
    </ClCompile>
    <ClCompile Include="light.cpp">
      <Filter>Source Files</Filter>
    </ClCompile>
    <ClCompile Include="river.cpp">
      <Filter>Source Files</Filter>
    </ClCompile>
    <ClCompile Include="road.cpp">
      <Filter>Source Files</Filter>
    </ClCompile>
    <ClCompile Include="roadMargin.cpp">
      <Filter>Source Files</Filter>
    </ClCompile>
    <ClCompile Include="riverMargin.cpp">
      <Filter>Source Files</Filter>
    </ClCompile>
    <ClCompile Include="tree.cpp">
      <Filter>Source Files</Filter>
    </ClCompile>
    <ClCompile Include="fog.cpp">
      <Filter>Source Files</Filter>
    </ClCompile>
  </ItemGroup>
  <ItemGroup>
    <None Include="shaders\multiplelights.frag">
      <Filter>Shaders</Filter>
    </None>
    <None Include="shaders\multiplelights.vert">
      <Filter>Shaders</Filter>
    </None>
  </ItemGroup>
  <ItemGroup>
    <Image Include="assets\balldimpled.png">
      <Filter>Assets</Filter>
    </Image>
    <Image Include="assets\grass.png">
      <Filter>Assets</Filter>
    </Image>
    <Image Include="assets\river.jpg">
      <Filter>Assets</Filter>
    </Image>
    <Image Include="assets\river2.png">
      <Filter>Assets</Filter>
    </Image>
    <Image Include="assets\road.jpg">
      <Filter>Assets</Filter>
    </Image>
    <Image Include="assets\road2.jpg">
      <Filter>Assets</Filter>
    </Image>
    <Image Include="assets\road3.jpg">
      <Filter>Assets</Filter>
    </Image>
    <Image Include="assets\sand.jpg">
      <Filter>Assets</Filter>
    </Image>
    <Image Include="assets\sidewalk.jpg">
      <Filter>Assets</Filter>
    </Image>
    <Image Include="assets\wood.jpg">
      <Filter>Assets</Filter>
    </Image>
    <Image Include="assets\tree.tga">
      <Filter>Assets</Filter>
    </Image>
  </ItemGroup>
</Project>